
Microsoft Visual Studio Solution File, Format Version 12.00
# Visual Studio Version 17
VisualStudioVersion = 17.3.32825.248
MinimumVisualStudioVersion = 10.0.40219.1
Project("{FAE04EC0-301F-11D3-BF4B-00C04F79EFBC}") = "Tarea1", "Tarea1\Tarea1.csproj", "{4C40791D-B156-40E7-A282-E46199950DD6}"
EndProject
Global
	GlobalSection(SolutionConfigurationPlatforms) = preSolution
		Debug|Any CPU = Debug|Any CPU
		Release|Any CPU = Release|Any CPU
	EndGlobalSection
	GlobalSection(ProjectConfigurationPlatforms) = postSolution
		{4C40791D-B156-40E7-A282-E46199950DD6}.Debug|Any CPU.ActiveCfg = Debug|Any CPU
		{4C40791D-B156-40E7-A282-E46199950DD6}.Debug|Any CPU.Build.0 = Debug|Any CPU
		{4C40791D-B156-40E7-A282-E46199950DD6}.Release|Any CPU.ActiveCfg = Release|Any CPU
		{4C40791D-B156-40E7-A282-E46199950DD6}.Release|Any CPU.Build.0 = Release|Any CPU
	EndGlobalSection
	GlobalSection(SolutionProperties) = preSolution
		HideSolutionNode = FALSE
	EndGlobalSection
	GlobalSection(ExtensibilityGlobals) = postSolution
		SolutionGuid = {CF9789A5-6B5F-48D6-AF50-5B7C9D9AC420}
	EndGlobalSection
EndGlobal
