
Microsoft Visual Studio Solution File, Format Version 12.00
# Visual Studio Version 17
VisualStudioVersion = 17.3.32825.248
MinimumVisualStudioVersion = 10.0.40219.1
Project("{FAE04EC0-301F-11D3-BF4B-00C04F79EFBC}") = "BD1Tarea", "BD1Tarea\BD1Tarea.csproj", "{937764A8-D355-4B7C-87F3-A012B13F8E28}"
EndProject
Global
	GlobalSection(SolutionConfigurationPlatforms) = preSolution
		Debug|Any CPU = Debug|Any CPU
		Release|Any CPU = Release|Any CPU
	EndGlobalSection
	GlobalSection(ProjectConfigurationPlatforms) = postSolution
		{937764A8-D355-4B7C-87F3-A012B13F8E28}.Debug|Any CPU.ActiveCfg = Debug|Any CPU
		{937764A8-D355-4B7C-87F3-A012B13F8E28}.Debug|Any CPU.Build.0 = Debug|Any CPU
		{937764A8-D355-4B7C-87F3-A012B13F8E28}.Release|Any CPU.ActiveCfg = Release|Any CPU
		{937764A8-D355-4B7C-87F3-A012B13F8E28}.Release|Any CPU.Build.0 = Release|Any CPU
	EndGlobalSection
	GlobalSection(SolutionProperties) = preSolution
		HideSolutionNode = FALSE
	EndGlobalSection
	GlobalSection(ExtensibilityGlobals) = postSolution
		SolutionGuid = {2A6974E4-FB35-44BA-995C-F390FBB2B630}
	EndGlobalSection
EndGlobal
